// !$*UTF8*$!
{
	archiveVersion = 1;
	classes = {
	};
	objectVersion = 46;
	objects = {

/* Begin PBXAggregateTarget section */
		41A008C8199B840A0097FAA9 /* Documentation */ = {
			isa = PBXAggregateTarget;
			buildConfigurationList = 41A008CB199B840A0097FAA9 /* Build configuration list for PBXAggregateTarget "Documentation" */;
			buildPhases = (
				41A008CC199B84100097FAA9 /* ShellScript */,
			);
			dependencies = (
			);
			name = Documentation;
			productName = Documentation;
		};
/* End PBXAggregateTarget section */

/* Begin PBXBuildFile section */
		8303F6BF15D8FA8100A16D5B /* ExampleTableViewController.m in Sources */ = {isa = PBXBuildFile; fileRef = 8303F6BE15D8FA8100A16D5B /* ExampleTableViewController.m */; };
		8305CA9A148565290066AB52 /* UIKit.framework in Frameworks */ = {isa = PBXBuildFile; fileRef = 8305CA99148565290066AB52 /* UIKit.framework */; };
		8305CA9C148565290066AB52 /* Foundation.framework in Frameworks */ = {isa = PBXBuildFile; fileRef = 8305CA9B148565290066AB52 /* Foundation.framework */; };
		8305CA9E148565290066AB52 /* CoreGraphics.framework in Frameworks */ = {isa = PBXBuildFile; fileRef = 8305CA9D148565290066AB52 /* CoreGraphics.framework */; };
		8305CAA0148565290066AB52 /* CoreData.framework in Frameworks */ = {isa = PBXBuildFile; fileRef = 8305CA9F148565290066AB52 /* CoreData.framework */; };
		8305CAA6148565290066AB52 /* InfoPlist.strings in Resources */ = {isa = PBXBuildFile; fileRef = 8305CAA4148565290066AB52 /* InfoPlist.strings */; };
		8305CAA8148565290066AB52 /* main.m in Sources */ = {isa = PBXBuildFile; fileRef = 8305CAA7148565290066AB52 /* main.m */; };
		8305CAAC148565290066AB52 /* AppDelegate.m in Sources */ = {isa = PBXBuildFile; fileRef = 8305CAAB148565290066AB52 /* AppDelegate.m */; };
		8305CAAF148565290066AB52 /* SimplifiedCoreDataExample.xcdatamodeld in Sources */ = {isa = PBXBuildFile; fileRef = 8305CAAD148565290066AB52 /* SimplifiedCoreDataExample.xcdatamodeld */; };
		8305CAD2148565F80066AB52 /* EmployeeEntity.m in Sources */ = {isa = PBXBuildFile; fileRef = 8305CAD1148565F80066AB52 /* EmployeeEntity.m */; };
		8305CAD5148566420066AB52 /* Employee.m in Sources */ = {isa = PBXBuildFile; fileRef = 8305CAD4148566420066AB52 /* Employee.m */; };
		831517C8190CE7080019F7A6 /* RHCoreDataTableViewController.m in Sources */ = {isa = PBXBuildFile; fileRef = 831517BE190CE7080019F7A6 /* RHCoreDataTableViewController.m */; };
		831517CA190CE7080019F7A6 /* RHManagedObject.m in Sources */ = {isa = PBXBuildFile; fileRef = 831517C2190CE7080019F7A6 /* RHManagedObject.m */; };
		831517CC190CE7080019F7A6 /* RHManagedObjectContextManager.m in Sources */ = {isa = PBXBuildFile; fileRef = 831517C6190CE7080019F7A6 /* RHManagedObjectContextManager.m */; };
		831517D0190CE9B70019F7A6 /* Images.xcassets in Resources */ = {isa = PBXBuildFile; fileRef = 831517CF190CE9B70019F7A6 /* Images.xcassets */; };
/* End PBXBuildFile section */

/* Begin PBXFileReference section */
		8303F6BD15D8FA8100A16D5B /* ExampleTableViewController.h */ = {isa = PBXFileReference; fileEncoding = 4; lastKnownFileType = sourcecode.c.h; path = ExampleTableViewController.h; sourceTree = "<group>"; };
		8303F6BE15D8FA8100A16D5B /* ExampleTableViewController.m */ = {isa = PBXFileReference; fileEncoding = 4; lastKnownFileType = sourcecode.c.objc; path = ExampleTableViewController.m; sourceTree = "<group>"; };
		8305CA95148565290066AB52 /* SimplifiedCoreDataExample.app */ = {isa = PBXFileReference; explicitFileType = wrapper.application; includeInIndex = 0; path = SimplifiedCoreDataExample.app; sourceTree = BUILT_PRODUCTS_DIR; };
		8305CA99148565290066AB52 /* UIKit.framework */ = {isa = PBXFileReference; lastKnownFileType = wrapper.framework; name = UIKit.framework; path = System/Library/Frameworks/UIKit.framework; sourceTree = SDKROOT; };
		8305CA9B148565290066AB52 /* Foundation.framework */ = {isa = PBXFileReference; lastKnownFileType = wrapper.framework; name = Foundation.framework; path = System/Library/Frameworks/Foundation.framework; sourceTree = SDKROOT; };
		8305CA9D148565290066AB52 /* CoreGraphics.framework */ = {isa = PBXFileReference; lastKnownFileType = wrapper.framework; name = CoreGraphics.framework; path = System/Library/Frameworks/CoreGraphics.framework; sourceTree = SDKROOT; };
		8305CA9F148565290066AB52 /* CoreData.framework */ = {isa = PBXFileReference; lastKnownFileType = wrapper.framework; name = CoreData.framework; path = System/Library/Frameworks/CoreData.framework; sourceTree = SDKROOT; };
		8305CAA3148565290066AB52 /* SimplifiedCoreDataExample-Info.plist */ = {isa = PBXFileReference; lastKnownFileType = text.plist.xml; path = "SimplifiedCoreDataExample-Info.plist"; sourceTree = "<group>"; };
		8305CAA5148565290066AB52 /* en */ = {isa = PBXFileReference; lastKnownFileType = text.plist.strings; name = en; path = en.lproj/InfoPlist.strings; sourceTree = "<group>"; };
		8305CAA7148565290066AB52 /* main.m */ = {isa = PBXFileReference; lastKnownFileType = sourcecode.c.objc; path = main.m; sourceTree = "<group>"; };
		8305CAA9148565290066AB52 /* SimplifiedCoreDataExample-Prefix.pch */ = {isa = PBXFileReference; lastKnownFileType = sourcecode.c.h; path = "SimplifiedCoreDataExample-Prefix.pch"; sourceTree = "<group>"; };
		8305CAAA148565290066AB52 /* AppDelegate.h */ = {isa = PBXFileReference; lastKnownFileType = sourcecode.c.h; path = AppDelegate.h; sourceTree = "<group>"; };
		8305CAAB148565290066AB52 /* AppDelegate.m */ = {isa = PBXFileReference; lastKnownFileType = sourcecode.c.objc; path = AppDelegate.m; sourceTree = "<group>"; };
		8305CAAE148565290066AB52 /* SimplifiedCoreDataExample.xcdatamodel */ = {isa = PBXFileReference; lastKnownFileType = wrapper.xcdatamodel; path = SimplifiedCoreDataExample.xcdatamodel; sourceTree = "<group>"; };
		8305CAD0148565F80066AB52 /* EmployeeEntity.h */ = {isa = PBXFileReference; fileEncoding = 4; lastKnownFileType = sourcecode.c.h; name = EmployeeEntity.h; path = SimplifiedCoreDataExample/EmployeeEntity.h; sourceTree = "<group>"; };
		8305CAD1148565F80066AB52 /* EmployeeEntity.m */ = {isa = PBXFileReference; fileEncoding = 4; lastKnownFileType = sourcecode.c.objc; name = EmployeeEntity.m; path = SimplifiedCoreDataExample/EmployeeEntity.m; sourceTree = "<group>"; };
		8305CAD3148566420066AB52 /* Employee.h */ = {isa = PBXFileReference; fileEncoding = 4; lastKnownFileType = sourcecode.c.h; name = Employee.h; path = SimplifiedCoreDataExample/Employee.h; sourceTree = "<group>"; };
		8305CAD4148566420066AB52 /* Employee.m */ = {isa = PBXFileReference; fileEncoding = 4; lastKnownFileType = sourcecode.c.objc; name = Employee.m; path = SimplifiedCoreDataExample/Employee.m; sourceTree = "<group>"; };
		831517BD190CE7080019F7A6 /* RHCoreDataTableViewController.h */ = {isa = PBXFileReference; fileEncoding = 4; lastKnownFileType = sourcecode.c.h; name = RHCoreDataTableViewController.h; path = ../RHManagedObject/RHCoreDataTableViewController.h; sourceTree = "<group>"; };
		831517BE190CE7080019F7A6 /* RHCoreDataTableViewController.m */ = {isa = PBXFileReference; fileEncoding = 4; lastKnownFileType = sourcecode.c.objc; name = RHCoreDataTableViewController.m; path = ../RHManagedObject/RHCoreDataTableViewController.m; sourceTree = "<group>"; };
		831517C1190CE7080019F7A6 /* RHManagedObject.h */ = {isa = PBXFileReference; fileEncoding = 4; lastKnownFileType = sourcecode.c.h; name = RHManagedObject.h; path = ../RHManagedObject/RHManagedObject.h; sourceTree = "<group>"; };
		831517C2190CE7080019F7A6 /* RHManagedObject.m */ = {isa = PBXFileReference; fileEncoding = 4; lastKnownFileType = sourcecode.c.objc; name = RHManagedObject.m; path = ../RHManagedObject/RHManagedObject.m; sourceTree = "<group>"; };
		831517C5190CE7080019F7A6 /* RHManagedObjectContextManager.h */ = {isa = PBXFileReference; fileEncoding = 4; lastKnownFileType = sourcecode.c.h; name = RHManagedObjectContextManager.h; path = ../RHManagedObject/RHManagedObjectContextManager.h; sourceTree = "<group>"; };
		831517C6190CE7080019F7A6 /* RHManagedObjectContextManager.m */ = {isa = PBXFileReference; fileEncoding = 4; lastKnownFileType = sourcecode.c.objc; name = RHManagedObjectContextManager.m; path = ../RHManagedObject/RHManagedObjectContextManager.m; sourceTree = "<group>"; };
		831517CF190CE9B70019F7A6 /* Images.xcassets */ = {isa = PBXFileReference; lastKnownFileType = folder.assetcatalog; path = Images.xcassets; sourceTree = "<group>"; };
/* End PBXFileReference section */

/* Begin PBXFrameworksBuildPhase section */
		8305CA92148565290066AB52 /* Frameworks */ = {
			isa = PBXFrameworksBuildPhase;
			buildActionMask = 2147483647;
			files = (
				8305CA9A148565290066AB52 /* UIKit.framework in Frameworks */,
				8305CA9C148565290066AB52 /* Foundation.framework in Frameworks */,
				8305CA9E148565290066AB52 /* CoreGraphics.framework in Frameworks */,
				8305CAA0148565290066AB52 /* CoreData.framework in Frameworks */,
			);
			runOnlyForDeploymentPostprocessing = 0;
		};
/* End PBXFrameworksBuildPhase section */

/* Begin PBXGroup section */
		8303F6B315D8F8DF00A16D5B /* Model */ = {
			isa = PBXGroup;
			children = (
				8305CAAD148565290066AB52 /* SimplifiedCoreDataExample.xcdatamodeld */,
				8305CAD0148565F80066AB52 /* EmployeeEntity.h */,
				8305CAD1148565F80066AB52 /* EmployeeEntity.m */,
				8305CAD3148566420066AB52 /* Employee.h */,
				8305CAD4148566420066AB52 /* Employee.m */,
			);
			name = Model;
			sourceTree = "<group>";
		};
		8305CA8A148565280066AB52 = {
			isa = PBXGroup;
			children = (
				8303F6B315D8F8DF00A16D5B /* Model */,
				8305CAC11485653F0066AB52 /* RHMangedObject */,
				8305CAA1148565290066AB52 /* SimplifiedCoreDataExample */,
				8305CA98148565290066AB52 /* Frameworks */,
				8305CA96148565290066AB52 /* Products */,
			);
			sourceTree = "<group>";
		};
		8305CA96148565290066AB52 /* Products */ = {
			isa = PBXGroup;
			children = (
				8305CA95148565290066AB52 /* SimplifiedCoreDataExample.app */,
			);
			name = Products;
			sourceTree = "<group>";
		};
		8305CA98148565290066AB52 /* Frameworks */ = {
			isa = PBXGroup;
			children = (
				8305CA99148565290066AB52 /* UIKit.framework */,
				8305CA9B148565290066AB52 /* Foundation.framework */,
				8305CA9D148565290066AB52 /* CoreGraphics.framework */,
				8305CA9F148565290066AB52 /* CoreData.framework */,
			);
			name = Frameworks;
			sourceTree = "<group>";
		};
		8305CAA1148565290066AB52 /* SimplifiedCoreDataExample */ = {
			isa = PBXGroup;
			children = (
				8305CAAA148565290066AB52 /* AppDelegate.h */,
				8305CAAB148565290066AB52 /* AppDelegate.m */,
				8303F6BD15D8FA8100A16D5B /* ExampleTableViewController.h */,
				8303F6BE15D8FA8100A16D5B /* ExampleTableViewController.m */,
				831517CF190CE9B70019F7A6 /* Images.xcassets */,
				8305CAA2148565290066AB52 /* Supporting Files */,
			);
			path = SimplifiedCoreDataExample;
			sourceTree = "<group>";
		};
		8305CAA2148565290066AB52 /* Supporting Files */ = {
			isa = PBXGroup;
			children = (
				8305CAA3148565290066AB52 /* SimplifiedCoreDataExample-Info.plist */,
				8305CAA4148565290066AB52 /* InfoPlist.strings */,
				8305CAA7148565290066AB52 /* main.m */,
				8305CAA9148565290066AB52 /* SimplifiedCoreDataExample-Prefix.pch */,
			);
			name = "Supporting Files";
			sourceTree = "<group>";
		};
		8305CAC11485653F0066AB52 /* RHMangedObject */ = {
			isa = PBXGroup;
			children = (
				831517BD190CE7080019F7A6 /* RHCoreDataTableViewController.h */,
				831517BE190CE7080019F7A6 /* RHCoreDataTableViewController.m */,
				831517C1190CE7080019F7A6 /* RHManagedObject.h */,
				831517C2190CE7080019F7A6 /* RHManagedObject.m */,
				831517C5190CE7080019F7A6 /* RHManagedObjectContextManager.h */,
				831517C6190CE7080019F7A6 /* RHManagedObjectContextManager.m */,
			);
			name = RHMangedObject;
			sourceTree = "<group>";
		};
/* End PBXGroup section */

/* Begin PBXNativeTarget section */
		8305CA94148565290066AB52 /* SimplifiedCoreDataExample */ = {
			isa = PBXNativeTarget;
			buildConfigurationList = 8305CABE148565290066AB52 /* Build configuration list for PBXNativeTarget "SimplifiedCoreDataExample" */;
			buildPhases = (
				8305CA91148565290066AB52 /* Sources */,
				8305CA92148565290066AB52 /* Frameworks */,
				8305CA93148565290066AB52 /* Resources */,
			);
			buildRules = (
			);
			dependencies = (
			);
			name = SimplifiedCoreDataExample;
			productName = SimplifiedCoreDataExample;
			productReference = 8305CA95148565290066AB52 /* SimplifiedCoreDataExample.app */;
			productType = "com.apple.product-type.application";
		};
/* End PBXNativeTarget section */

/* Begin PBXProject section */
		8305CA8C148565280066AB52 /* Project object */ = {
			isa = PBXProject;
			attributes = {
				LastUpgradeCheck = 0510;
			};
			buildConfigurationList = 8305CA8F148565280066AB52 /* Build configuration list for PBXProject "SimplifiedCoreDataExample" */;
			compatibilityVersion = "Xcode 3.2";
			developmentRegion = English;
			hasScannedForEncodings = 0;
			knownRegions = (
				en,
			);
			mainGroup = 8305CA8A148565280066AB52;
			productRefGroup = 8305CA96148565290066AB52 /* Products */;
			projectDirPath = "";
			projectRoot = "";
			targets = (
				8305CA94148565290066AB52 /* SimplifiedCoreDataExample */,
				41A008C8199B840A0097FAA9 /* Documentation */,
			);
		};
/* End PBXProject section */

/* Begin PBXResourcesBuildPhase section */
		8305CA93148565290066AB52 /* Resources */ = {
			isa = PBXResourcesBuildPhase;
			buildActionMask = 2147483647;
			files = (
				831517D0190CE9B70019F7A6 /* Images.xcassets in Resources */,
				8305CAA6148565290066AB52 /* InfoPlist.strings in Resources */,
			);
			runOnlyForDeploymentPostprocessing = 0;
		};
/* End PBXResourcesBuildPhase section */

/* Begin PBXShellScriptBuildPhase section */
		41A008CC199B84100097FAA9 /* ShellScript */ = {
			isa = PBXShellScriptBuildPhase;
			buildActionMask = 2147483647;
			files = (
			);
			inputPaths = (
			);
			outputPaths = (
			);
			runOnlyForDeploymentPostprocessing = 0;
			shellPath = /bin/sh;
			shellScript = "/usr/local/bin/appledoc \\\n--project-name \"RHManagedObject\" \\\n--project-company \"chriscdn\" \\\n--company-id \"com.chriscdn\" \\\n--output \"${PROJECT_DIR}/../Documentation/RHManagedObject\" \\\n--install-docset \\\n--logformat xcode \\\n--keep-undocumented-objects \\\n--keep-undocumented-members \\\n--keep-intermediate-files \\\n--no-repeat-first-par \\\n--no-warn-invalid-crossref \\\n--merge-categories \\\n--exit-threshold 2 \\\n--docset-platform-family iphoneos \\\n--ignore \"*.m\" \\\n--index-desc \"${PROJECT_DIR}/../readme.md\" \\\n\"${PROJECT_DIR}/../RHManagedObject\"";
		};
/* End PBXShellScriptBuildPhase section */

/* Begin PBXSourcesBuildPhase section */
		8305CA91148565290066AB52 /* Sources */ = {
			isa = PBXSourcesBuildPhase;
			buildActionMask = 2147483647;
			files = (
				8305CAA8148565290066AB52 /* main.m in Sources */,
				8305CAAC148565290066AB52 /* AppDelegate.m in Sources */,
				8305CAAF148565290066AB52 /* SimplifiedCoreDataExample.xcdatamodeld in Sources */,
				8305CAD2148565F80066AB52 /* EmployeeEntity.m in Sources */,
				8305CAD5148566420066AB52 /* Employee.m in Sources */,
				831517CA190CE7080019F7A6 /* RHManagedObject.m in Sources */,
				831517CC190CE7080019F7A6 /* RHManagedObjectContextManager.m in Sources */,
				831517C8190CE7080019F7A6 /* RHCoreDataTableViewController.m in Sources */,
				8303F6BF15D8FA8100A16D5B /* ExampleTableViewController.m in Sources */,
			);
			runOnlyForDeploymentPostprocessing = 0;
		};
/* End PBXSourcesBuildPhase section */

/* Begin PBXVariantGroup section */
		8305CAA4148565290066AB52 /* InfoPlist.strings */ = {
			isa = PBXVariantGroup;
			children = (
				8305CAA5148565290066AB52 /* en */,
			);
			name = InfoPlist.strings;
			sourceTree = "<group>";
		};
/* End PBXVariantGroup section */

/* Begin XCBuildConfiguration section */
		41A008C9199B840A0097FAA9 /* Debug */ = {
			isa = XCBuildConfiguration;
			buildSettings = {
				PRODUCT_NAME = "$(TARGET_NAME)";
			};
			name = Debug;
		};
		41A008CA199B840A0097FAA9 /* Release */ = {
			isa = XCBuildConfiguration;
			buildSettings = {
				PRODUCT_NAME = "$(TARGET_NAME)";
			};
			name = Release;
		};
		8305CABC148565290066AB52 /* Debug */ = {
			isa = XCBuildConfiguration;
			buildSettings = {
				ALWAYS_SEARCH_USER_PATHS = NO;
				CLANG_WARN_BOOL_CONVERSION = YES;
				CLANG_WARN_CONSTANT_CONVERSION = YES;
				CLANG_WARN_EMPTY_BODY = YES;
				CLANG_WARN_ENUM_CONVERSION = YES;
				CLANG_WARN_INT_CONVERSION = YES;
				CLANG_WARN__DUPLICATE_METHOD_MATCH = YES;
				"CODE_SIGN_IDENTITY[sdk=iphoneos*]" = "iPhone Developer";
				COPY_PHASE_STRIP = NO;
				GCC_C_LANGUAGE_STANDARD = gnu99;
				GCC_DYNAMIC_NO_PIC = NO;
				GCC_OPTIMIZATION_LEVEL = 0;
				GCC_PREPROCESSOR_DEFINITIONS = (
					"DEBUG=1",
					"$(inherited)",
				);
				GCC_SYMBOLS_PRIVATE_EXTERN = NO;
				GCC_VERSION = com.apple.compilers.llvm.clang.1_0;
				GCC_WARN_64_TO_32_BIT_CONVERSION = YES;
				GCC_WARN_ABOUT_MISSING_PROTOTYPES = YES;
				GCC_WARN_ABOUT_RETURN_TYPE = YES;
				GCC_WARN_UNDECLARED_SELECTOR = YES;
				GCC_WARN_UNINITIALIZED_AUTOS = YES;
				GCC_WARN_UNUSED_FUNCTION = YES;
				GCC_WARN_UNUSED_VARIABLE = YES;
				IPHONEOS_DEPLOYMENT_TARGET = 6.1;
				ONLY_ACTIVE_ARCH = YES;
				SDKROOT = iphoneos;
			};
			name = Debug;
		};
		8305CABD148565290066AB52 /* Release */ = {
			isa = XCBuildConfiguration;
			buildSettings = {
				ALWAYS_SEARCH_USER_PATHS = NO;
				CLANG_WARN_BOOL_CONVERSION = YES;
				CLANG_WARN_CONSTANT_CONVERSION = YES;
				CLANG_WARN_EMPTY_BODY = YES;
				CLANG_WARN_ENUM_CONVERSION = YES;
				CLANG_WARN_INT_CONVERSION = YES;
				CLANG_WARN__DUPLICATE_METHOD_MATCH = YES;
				"CODE_SIGN_IDENTITY[sdk=iphoneos*]" = "iPhone Developer";
				COPY_PHASE_STRIP = YES;
				GCC_C_LANGUAGE_STANDARD = gnu99;
				GCC_VERSION = com.apple.compilers.llvm.clang.1_0;
				GCC_WARN_64_TO_32_BIT_CONVERSION = YES;
				GCC_WARN_ABOUT_MISSING_PROTOTYPES = YES;
				GCC_WARN_ABOUT_RETURN_TYPE = YES;
				GCC_WARN_UNDECLARED_SELECTOR = YES;
				GCC_WARN_UNINITIALIZED_AUTOS = YES;
				GCC_WARN_UNUSED_FUNCTION = YES;
				GCC_WARN_UNUSED_VARIABLE = YES;
				IPHONEOS_DEPLOYMENT_TARGET = 6.1;
				OTHER_CFLAGS = "-DNS_BLOCK_ASSERTIONS=1";
				SDKROOT = iphoneos;
				VALIDATE_PRODUCT = YES;
			};
			name = Release;
		};
		8305CABF148565290066AB52 /* Debug */ = {
			isa = XCBuildConfiguration;
			buildSettings = {
				ASSETCATALOG_COMPILER_APPICON_NAME = AppIcon;
				ASSETCATALOG_COMPILER_LAUNCHIMAGE_NAME = LaunchImage;
				CLANG_ENABLE_OBJC_ARC = YES;
				GCC_PRECOMPILE_PREFIX_HEADER = YES;
				GCC_PREFIX_HEADER = "SimplifiedCoreDataExample/SimplifiedCoreDataExample-Prefix.pch";
				INFOPLIST_FILE = "SimplifiedCoreDataExample/SimplifiedCoreDataExample-Info.plist";
				PRODUCT_NAME = "$(TARGET_NAME)";
				WRAPPER_EXTENSION = app;
			};
			name = Debug;
		};
		8305CAC0148565290066AB52 /* Release */ = {
			isa = XCBuildConfiguration;
			buildSettings = {
				ASSETCATALOG_COMPILER_APPICON_NAME = AppIcon;
				ASSETCATALOG_COMPILER_LAUNCHIMAGE_NAME = LaunchImage;
				CLANG_ENABLE_OBJC_ARC = YES;
				GCC_PRECOMPILE_PREFIX_HEADER = YES;
				GCC_PREFIX_HEADER = "SimplifiedCoreDataExample/SimplifiedCoreDataExample-Prefix.pch";
				INFOPLIST_FILE = "SimplifiedCoreDataExample/SimplifiedCoreDataExample-Info.plist";
				PRODUCT_NAME = "$(TARGET_NAME)";
				WRAPPER_EXTENSION = app;
			};
			name = Release;
		};
/* End XCBuildConfiguration section */

/* Begin XCConfigurationList section */
		41A008CB199B840A0097FAA9 /* Build configuration list for PBXAggregateTarget "Documentation" */ = {
			isa = XCConfigurationList;
			buildConfigurations = (
				41A008C9199B840A0097FAA9 /* Debug */,
				41A008CA199B840A0097FAA9 /* Release */,
			);
			defaultConfigurationIsVisible = 0;
			defaultConfigurationName = Release;
		};
		8305CA8F148565280066AB52 /* Build configuration list for PBXProject "SimplifiedCoreDataExample" */ = {
			isa = XCConfigurationList;
			buildConfigurations = (
				8305CABC148565290066AB52 /* Debug */,
				8305CABD148565290066AB52 /* Release */,
			);
			defaultConfigurationIsVisible = 0;
			defaultConfigurationName = Release;
		};
		8305CABE148565290066AB52 /* Build configuration list for PBXNativeTarget "SimplifiedCoreDataExample" */ = {
			isa = XCConfigurationList;
			buildConfigurations = (
				8305CABF148565290066AB52 /* Debug */,
				8305CAC0148565290066AB52 /* Release */,
			);
			defaultConfigurationIsVisible = 0;
			defaultConfigurationName = Release;
		};
/* End XCConfigurationList section */

/* Begin XCVersionGroup section */
		8305CAAD148565290066AB52 /* SimplifiedCoreDataExample.xcdatamodeld */ = {
			isa = XCVersionGroup;
			children = (
				8305CAAE148565290066AB52 /* SimplifiedCoreDataExample.xcdatamodel */,
			);
			currentVersion = 8305CAAE148565290066AB52 /* SimplifiedCoreDataExample.xcdatamodel */;
			name = SimplifiedCoreDataExample.xcdatamodeld;
			path = SimplifiedCoreDataExample/SimplifiedCoreDataExample.xcdatamodeld;
			sourceTree = "<group>";
			versionGroupType = wrapper.xcdatamodel;
		};
/* End XCVersionGroup section */
	};
	rootObject = 8305CA8C148565280066AB52 /* Project object */;
}
